
Microsoft Visual Studio Solution File, Format Version 12.00
# Visual Studio Version 16
VisualStudioVersion = 16.0.30717.126
MinimumVisualStudioVersion = 10.0.40219.1
Project("{FAE04EC0-301F-11D3-BF4B-00C04F79EFBC}") = "Cockteles", "Cockteles.csproj", "{86B0B279-F0D4-48EF-86A8-59DFCED51167}"
EndProject
Global
	GlobalSection(SolutionConfigurationPlatforms) = preSolution
		Debug|Any CPU = Debug|Any CPU
		Release|Any CPU = Release|Any CPU
	EndGlobalSection
	GlobalSection(ProjectConfigurationPlatforms) = postSolution
		{86B0B279-F0D4-48EF-86A8-59DFCED51167}.Debug|Any CPU.ActiveCfg = Debug|Any CPU
		{86B0B279-F0D4-48EF-86A8-59DFCED51167}.Debug|Any CPU.Build.0 = Debug|Any CPU
		{86B0B279-F0D4-48EF-86A8-59DFCED51167}.Release|Any CPU.ActiveCfg = Release|Any CPU
		{86B0B279-F0D4-48EF-86A8-59DFCED51167}.Release|Any CPU.Build.0 = Release|Any CPU
	EndGlobalSection
	GlobalSection(SolutionProperties) = preSolution
		HideSolutionNode = FALSE
	EndGlobalSection
	GlobalSection(ExtensibilityGlobals) = postSolution
		SolutionGuid = {5ABB5E96-15DC-4211-B4BB-53CE1FBD39D5}
	EndGlobalSection
EndGlobal
